
Microsoft Visual Studio Solution File, Format Version 12.00
# Visual Studio 15
VisualStudioVersion = 15.0.27703.2026
MinimumVisualStudioVersion = 10.0.40219.1
Project("{9A19103F-16F7-4668-BE54-9A1E7A4F7556}") = "Registrum", "Registrum\Registrum.csproj", "{704F0C03-E442-4659-B7E2-776DA4E7E721}"
EndProject
Project("{9A19103F-16F7-4668-BE54-9A1E7A4F7556}") = "Mutatio", "Mutatio\Mutatio.csproj", "{09AB4DED-E7FE-4150-A2C4-91FB2AAA8804}"
EndProject
Project("{FAE04EC0-301F-11D3-BF4B-00C04F79EFBC}") = "Registrum.Tests", "Registrum.Tests\Registrum.Tests.csproj", "{DAFB7775-25B7-48DF-BF36-AFD4AA65A6A2}"
EndProject
Global
	GlobalSection(SolutionConfigurationPlatforms) = preSolution
		Debug|Any CPU = Debug|Any CPU
		Release|Any CPU = Release|Any CPU
	EndGlobalSection
	GlobalSection(ProjectConfigurationPlatforms) = postSolution
		{704F0C03-E442-4659-B7E2-776DA4E7E721}.Debug|Any CPU.ActiveCfg = Debug|Any CPU
		{704F0C03-E442-4659-B7E2-776DA4E7E721}.Debug|Any CPU.Build.0 = Debug|Any CPU
		{704F0C03-E442-4659-B7E2-776DA4E7E721}.Release|Any CPU.ActiveCfg = Release|Any CPU
		{704F0C03-E442-4659-B7E2-776DA4E7E721}.Release|Any CPU.Build.0 = Release|Any CPU
		{09AB4DED-E7FE-4150-A2C4-91FB2AAA8804}.Debug|Any CPU.ActiveCfg = Debug|Any CPU
		{09AB4DED-E7FE-4150-A2C4-91FB2AAA8804}.Debug|Any CPU.Build.0 = Debug|Any CPU
		{09AB4DED-E7FE-4150-A2C4-91FB2AAA8804}.Release|Any CPU.ActiveCfg = Release|Any CPU
		{09AB4DED-E7FE-4150-A2C4-91FB2AAA8804}.Release|Any CPU.Build.0 = Release|Any CPU
		{DAFB7775-25B7-48DF-BF36-AFD4AA65A6A2}.Debug|Any CPU.ActiveCfg = Debug|Any CPU
		{DAFB7775-25B7-48DF-BF36-AFD4AA65A6A2}.Debug|Any CPU.Build.0 = Debug|Any CPU
		{DAFB7775-25B7-48DF-BF36-AFD4AA65A6A2}.Release|Any CPU.ActiveCfg = Release|Any CPU
		{DAFB7775-25B7-48DF-BF36-AFD4AA65A6A2}.Release|Any CPU.Build.0 = Release|Any CPU
	EndGlobalSection
	GlobalSection(SolutionProperties) = preSolution
		HideSolutionNode = FALSE
	EndGlobalSection
	GlobalSection(ExtensibilityGlobals) = postSolution
		SolutionGuid = {F771AE91-1AC2-46FB-BE95-33C73192976C}
	EndGlobalSection
EndGlobal
